// !$*UTF8*$!
{
	archiveVersion = 1;
	classes = {
	};
	objectVersion = 77;
	objects = {

/* Begin PBXContainerItemProxy section */
		32326CA32DB50EB200964EF9 /* PBXContainerItemProxy */ = {
			isa = PBXContainerItemProxy;
			containerPortal = 32326C812DB50EB000964EF9 /* Project object */;
			proxyType = 1;
			remoteGlobalIDString = 32326C882DB50EB000964EF9;
			remoteInfo = "qrcode-uikit";
		};
		32326CAD2DB50EB200964EF9 /* PBXContainerItemProxy */ = {
			isa = PBXContainerItemProxy;
			containerPortal = 32326C812DB50EB000964EF9 /* Project object */;
			proxyType = 1;
			remoteGlobalIDString = 32326C882DB50EB000964EF9;
			remoteInfo = "qrcode-uikit";
		};
/* End PBXContainerItemProxy section */

/* Begin PBXFileReference section */
		32326C892DB50EB000964EF9 /* qrcode-uikit.app */ = {isa = PBXFileReference; explicitFileType = wrapper.application; includeInIndex = 0; path = "qrcode-uikit.app"; sourceTree = BUILT_PRODUCTS_DIR; };
		32326CA22DB50EB200964EF9 /* qrcode-uikitTests.xctest */ = {isa = PBXFileReference; explicitFileType = wrapper.cfbundle; includeInIndex = 0; path = "qrcode-uikitTests.xctest"; sourceTree = BUILT_PRODUCTS_DIR; };
		32326CAC2DB50EB200964EF9 /* qrcode-uikitUITests.xctest */ = {isa = PBXFileReference; explicitFileType = wrapper.cfbundle; includeInIndex = 0; path = "qrcode-uikitUITests.xctest"; sourceTree = BUILT_PRODUCTS_DIR; };
/* End PBXFileReference section */

/* Begin PBXFileSystemSynchronizedBuildFileExceptionSet section */
		32326CB42DB50EB200964EF9 /* Exceptions for "qrcode-uikit" folder in "qrcode-uikit" target */ = {
			isa = PBXFileSystemSynchronizedBuildFileExceptionSet;
			membershipExceptions = (
				Info.plist,
			);
			target = 32326C882DB50EB000964EF9 /* qrcode-uikit */;
		};
/* End PBXFileSystemSynchronizedBuildFileExceptionSet section */

/* Begin PBXFileSystemSynchronizedRootGroup section */
		32326C8B2DB50EB000964EF9 /* qrcode-uikit */ = {
			isa = PBXFileSystemSynchronizedRootGroup;
			exceptions = (
				32326CB42DB50EB200964EF9 /* Exceptions for "qrcode-uikit" folder in "qrcode-uikit" target */,
			);
			path = "qrcode-uikit";
			sourceTree = "<group>";
		};
		32326CA52DB50EB200964EF9 /* qrcode-uikitTests */ = {
			isa = PBXFileSystemSynchronizedRootGroup;
			path = "qrcode-uikitTests";
			sourceTree = "<group>";
		};
		32326CAF2DB50EB200964EF9 /* qrcode-uikitUITests */ = {
			isa = PBXFileSystemSynchronizedRootGroup;
			path = "qrcode-uikitUITests";
			sourceTree = "<group>";
		};
/* End PBXFileSystemSynchronizedRootGroup section */

/* Begin PBXFrameworksBuildPhase section */
		32326C862DB50EB000964EF9 /* Frameworks */ = {
			isa = PBXFrameworksBuildPhase;
			buildActionMask = 2147483647;
			files = (
			);
			runOnlyForDeploymentPostprocessing = 0;
		};
		32326C9F2DB50EB200964EF9 /* Frameworks */ = {
			isa = PBXFrameworksBuildPhase;
			buildActionMask = 2147483647;
			files = (
			);
			runOnlyForDeploymentPostprocessing = 0;
		};
		32326CA92DB50EB200964EF9 /* Frameworks */ = {
			isa = PBXFrameworksBuildPhase;
			buildActionMask = 2147483647;
			files = (
			);
			runOnlyForDeploymentPostprocessing = 0;
		};
/* End PBXFrameworksBuildPhase section */

/* Begin PBXGroup section */
		32326C802DB50EB000964EF9 = {
			isa = PBXGroup;
			children = (
				32326C8B2DB50EB000964EF9 /* qrcode-uikit */,
				32326CA52DB50EB200964EF9 /* qrcode-uikitTests */,
				32326CAF2DB50EB200964EF9 /* qrcode-uikitUITests */,
				32326C8A2DB50EB000964EF9 /* Products */,
			);
			sourceTree = "<group>";
		};
		32326C8A2DB50EB000964EF9 /* Products */ = {
			isa = PBXGroup;
			children = (
				32326C892DB50EB000964EF9 /* qrcode-uikit.app */,
				32326CA22DB50EB200964EF9 /* qrcode-uikitTests.xctest */,
				32326CAC2DB50EB200964EF9 /* qrcode-uikitUITests.xctest */,
			);
			name = Products;
			sourceTree = "<group>";
		};
/* End PBXGroup section */

/* Begin PBXNativeTarget section */
		32326C882DB50EB000964EF9 /* qrcode-uikit */ = {
			isa = PBXNativeTarget;
			buildConfigurationList = 32326CB52DB50EB200964EF9 /* Build configuration list for PBXNativeTarget "qrcode-uikit" */;
			buildPhases = (
				32326C852DB50EB000964EF9 /* Sources */,
				32326C862DB50EB000964EF9 /* Frameworks */,
				32326C872DB50EB000964EF9 /* Resources */,
			);
			buildRules = (
			);
			dependencies = (
			);
			fileSystemSynchronizedGroups = (
				32326C8B2DB50EB000964EF9 /* qrcode-uikit */,
			);
			name = "qrcode-uikit";
			packageProductDependencies = (
			);
			productName = "qrcode-uikit";
			productReference = 32326C892DB50EB000964EF9 /* qrcode-uikit.app */;
			productType = "com.apple.product-type.application";
		};
		32326CA12DB50EB200964EF9 /* qrcode-uikitTests */ = {
			isa = PBXNativeTarget;
			buildConfigurationList = 32326CBA2DB50EB200964EF9 /* Build configuration list for PBXNativeTarget "qrcode-uikitTests" */;
			buildPhases = (
				32326C9E2DB50EB200964EF9 /* Sources */,
				32326C9F2DB50EB200964EF9 /* Frameworks */,
				32326CA02DB50EB200964EF9 /* Resources */,
			);
			buildRules = (
			);
			dependencies = (
				32326CA42DB50EB200964EF9 /* PBXTargetDependency */,
			);
			fileSystemSynchronizedGroups = (
				32326CA52DB50EB200964EF9 /* qrcode-uikitTests */,
			);
			name = "qrcode-uikitTests";
			packageProductDependencies = (
			);
			productName = "qrcode-uikitTests";
			productReference = 32326CA22DB50EB200964EF9 /* qrcode-uikitTests.xctest */;
			productType = "com.apple.product-type.bundle.unit-test";
		};
		32326CAB2DB50EB200964EF9 /* qrcode-uikitUITests */ = {
			isa = PBXNativeTarget;
			buildConfigurationList = 32326CBD2DB50EB200964EF9 /* Build configuration list for PBXNativeTarget "qrcode-uikitUITests" */;
			buildPhases = (
				32326CA82DB50EB200964EF9 /* Sources */,
				32326CA92DB50EB200964EF9 /* Frameworks */,
				32326CAA2DB50EB200964EF9 /* Resources */,
			);
			buildRules = (
			);
			dependencies = (
				32326CAE2DB50EB200964EF9 /* PBXTargetDependency */,
			);
			fileSystemSynchronizedGroups = (
				32326CAF2DB50EB200964EF9 /* qrcode-uikitUITests */,
			);
			name = "qrcode-uikitUITests";
			packageProductDependencies = (
			);
			productName = "qrcode-uikitUITests";
			productReference = 32326CAC2DB50EB200964EF9 /* qrcode-uikitUITests.xctest */;
			productType = "com.apple.product-type.bundle.ui-testing";
		};
/* End PBXNativeTarget section */

/* Begin PBXProject section */
		32326C812DB50EB000964EF9 /* Project object */ = {
			isa = PBXProject;
			attributes = {
				BuildIndependentTargetsInParallel = 1;
				LastSwiftUpdateCheck = 1630;
				LastUpgradeCheck = 1630;
				TargetAttributes = {
					32326C882DB50EB000964EF9 = {
						CreatedOnToolsVersion = 16.3;
					};
					32326CA12DB50EB200964EF9 = {
						CreatedOnToolsVersion = 16.3;
						TestTargetID = 32326C882DB50EB000964EF9;
					};
					32326CAB2DB50EB200964EF9 = {
						CreatedOnToolsVersion = 16.3;
						TestTargetID = 32326C882DB50EB000964EF9;
					};
				};
			};
			buildConfigurationList = 32326C842DB50EB000964EF9 /* Build configuration list for PBXProject "qrcode-uikit" */;
			developmentRegion = en;
			hasScannedForEncodings = 0;
			knownRegions = (
				en,
				Base,
			);
			mainGroup = 32326C802DB50EB000964EF9;
			minimizedProjectReferenceProxies = 1;
			preferredProjectObjectVersion = 77;
			productRefGroup = 32326C8A2DB50EB000964EF9 /* Products */;
			projectDirPath = "";
			projectRoot = "";
			targets = (
				32326C882DB50EB000964EF9 /* qrcode-uikit */,
				32326CA12DB50EB200964EF9 /* qrcode-uikitTests */,
				32326CAB2DB50EB200964EF9 /* qrcode-uikitUITests */,
			);
		};
/* End PBXProject section */

/* Begin PBXResourcesBuildPhase section */
		32326C872DB50EB000964EF9 /* Resources */ = {
			isa = PBXResourcesBuildPhase;
			buildActionMask = 2147483647;
			files = (
			);
			runOnlyForDeploymentPostprocessing = 0;
		};
		32326CA02DB50EB200964EF9 /* Resources */ = {
			isa = PBXResourcesBuildPhase;
			buildActionMask = 2147483647;
			files = (
			);
			runOnlyForDeploymentPostprocessing = 0;
		};
		32326CAA2DB50EB200964EF9 /* Resources */ = {
			isa = PBXResourcesBuildPhase;
			buildActionMask = 2147483647;
			files = (
			);
			runOnlyForDeploymentPostprocessing = 0;
		};
/* End PBXResourcesBuildPhase section */

/* Begin PBXSourcesBuildPhase section */
		32326C852DB50EB000964EF9 /* Sources */ = {
			isa = PBXSourcesBuildPhase;
			buildActionMask = 2147483647;
			files = (
			);
			runOnlyForDeploymentPostprocessing = 0;
		};
		32326C9E2DB50EB200964EF9 /* Sources */ = {
			isa = PBXSourcesBuildPhase;
			buildActionMask = 2147483647;
			files = (
			);
			runOnlyForDeploymentPostprocessing = 0;
		};
		32326CA82DB50EB200964EF9 /* Sources */ = {
			isa = PBXSourcesBuildPhase;
			buildActionMask = 2147483647;
			files = (
			);
			runOnlyForDeploymentPostprocessing = 0;
		};
/* End PBXSourcesBuildPhase section */

/* Begin PBXTargetDependency section */
		32326CA42DB50EB200964EF9 /* PBXTargetDependency */ = {
			isa = PBXTargetDependency;
			target = 32326C882DB50EB000964EF9 /* qrcode-uikit */;
			targetProxy = 32326CA32DB50EB200964EF9 /* PBXContainerItemProxy */;
		};
		32326CAE2DB50EB200964EF9 /* PBXTargetDependency */ = {
			isa = PBXTargetDependency;
			target = 32326C882DB50EB000964EF9 /* qrcode-uikit */;
			targetProxy = 32326CAD2DB50EB200964EF9 /* PBXContainerItemProxy */;
		};
/* End PBXTargetDependency section */

/* Begin XCBuildConfiguration section */
		32326CB62DB50EB200964EF9 /* Debug */ = {
			isa = XCBuildConfiguration;
			buildSettings = {
				ASSETCATALOG_COMPILER_APPICON_NAME = AppIcon;
				ASSETCATALOG_COMPILER_GLOBAL_ACCENT_COLOR_NAME = AccentColor;
				CODE_SIGN_STYLE = Automatic;
				CURRENT_PROJECT_VERSION = 1;
				DEVELOPMENT_TEAM = 74V7AJ74L3;
				GENERATE_INFOPLIST_FILE = YES;
				INFOPLIST_FILE = "qrcode-uikit/Info.plist";
				INFOPLIST_KEY_UIApplicationSupportsIndirectInputEvents = YES;
				INFOPLIST_KEY_UILaunchStoryboardName = LaunchScreen;
				INFOPLIST_KEY_UIMainStoryboardFile = Main;
				INFOPLIST_KEY_UISupportedInterfaceOrientations_iPad = "UIInterfaceOrientationPortrait UIInterfaceOrientationPortraitUpsideDown UIInterfaceOrientationLandscapeLeft UIInterfaceOrientationLandscapeRight";
				INFOPLIST_KEY_UISupportedInterfaceOrientations_iPhone = "UIInterfaceOrientationPortrait UIInterfaceOrientationLandscapeLeft UIInterfaceOrientationLandscapeRight";
				LD_RUNPATH_SEARCH_PATHS = (
					"$(inherited)",
					"@executable_path/Frameworks",
				);
				MARKETING_VERSION = 1.0;
				PRODUCT_BUNDLE_IDENTIFIER = "com.mobdim.qrcode-uikit";
				PRODUCT_NAME = "$(TARGET_NAME)";
				SWIFT_EMIT_LOC_STRINGS = YES;
				SWIFT_VERSION = 5.0;
				TARGETED_DEVICE_FAMILY = "1,2";
			};
			name = Debug;
		};
		32326CB72DB50EB200964EF9 /* Release */ = {
			isa = XCBuildConfiguration;
			buildSettings = {
				ASSETCATALOG_COMPILER_APPICON_NAME = AppIcon;
				ASSETCATALOG_COMPILER_GLOBAL_ACCENT_COLOR_NAME = AccentColor;
				CODE_SIGN_STYLE = Automatic;
				CURRENT_PROJECT_VERSION = 1;
				DEVELOPMENT_TEAM = 74V7AJ74L3;
				GENERATE_INFOPLIST_FILE = YES;
				INFOPLIST_FILE = "qrcode-uikit/Info.plist";
				INFOPLIST_KEY_UIApplicationSupportsIndirectInputEvents = YES;
				INFOPLIST_KEY_UILaunchStoryboardName = LaunchScreen;
				INFOPLIST_KEY_UIMainStoryboardFile = Main;
				INFOPLIST_KEY_UISupportedInterfaceOrientations_iPad = "UIInterfaceOrientationPortrait UIInterfaceOrientationPortraitUpsideDown UIInterfaceOrientationLandscapeLeft UIInterfaceOrientationLandscapeRight";
				INFOPLIST_KEY_UISupportedInterfaceOrientations_iPhone = "UIInterfaceOrientationPortrait UIInterfaceOrientationLandscapeLeft UIInterfaceOrientationLandscapeRight";
				LD_RUNPATH_SEARCH_PATHS = (
					"$(inherited)",
					"@executable_path/Frameworks",
				);
				MARKETING_VERSION = 1.0;
				PRODUCT_BUNDLE_IDENTIFIER = "com.mobdim.qrcode-uikit";
				PRODUCT_NAME = "$(TARGET_NAME)";
				SWIFT_EMIT_LOC_STRINGS = YES;
				SWIFT_VERSION = 5.0;
				TARGETED_DEVICE_FAMILY = "1,2";
			};
			name = Release;
		};
		32326CB82DB50EB200964EF9 /* Debug */ = {
			isa = XCBuildConfiguration;
			buildSettings = {
				ALWAYS_SEARCH_USER_PATHS = NO;
				ASSETCATALOG_COMPILER_GENERATE_SWIFT_ASSET_SYMBOL_EXTENSIONS = YES;
				CLANG_ANALYZER_NONNULL = YES;
				CLANG_ANALYZER_NUMBER_OBJECT_CONVERSION = YES_AGGRESSIVE;
				CLANG_CXX_LANGUAGE_STANDARD = "gnu++20";
				CLANG_ENABLE_MODULES = YES;
				CLANG_ENABLE_OBJC_ARC = YES;
				CLANG_ENABLE_OBJC_WEAK = YES;
				CLANG_WARN_BLOCK_CAPTURE_AUTORELEASING = YES;
				CLANG_WARN_BOOL_CONVERSION = YES;
				CLANG_WARN_COMMA = YES;
				CLANG_WARN_CONSTANT_CONVERSION = YES;
				CLANG_WARN_DEPRECATED_OBJC_IMPLEMENTATIONS = YES;
				CLANG_WARN_DIRECT_OBJC_ISA_USAGE = YES_ERROR;
				CLANG_WARN_DOCUMENTATION_COMMENTS = YES;
				CLANG_WARN_EMPTY_BODY = YES;
				CLANG_WARN_ENUM_CONVERSION = YES;
				CLANG_WARN_INFINITE_RECURSION = YES;
				CLANG_WARN_INT_CONVERSION = YES;
				CLANG_WARN_NON_LITERAL_NULL_CONVERSION = YES;
				CLANG_WARN_OBJC_IMPLICIT_RETAIN_SELF = YES;
				CLANG_WARN_OBJC_LITERAL_CONVERSION = YES;
				CLANG_WARN_OBJC_ROOT_CLASS = YES_ERROR;
				CLANG_WARN_QUOTED_INCLUDE_IN_FRAMEWORK_HEADER = YES;
				CLANG_WARN_RANGE_LOOP_ANALYSIS = YES;
				CLANG_WARN_STRICT_PROTOTYPES = YES;
				CLANG_WARN_SUSPICIOUS_MOVE = YES;
				CLANG_WARN_UNGUARDED_AVAILABILITY = YES_AGGRESSIVE;
				CLANG_WARN_UNREACHABLE_CODE = YES;
				CLANG_WARN__DUPLICATE_METHOD_MATCH = YES;
				COPY_PHASE_STRIP = NO;
				DEBUG_INFORMATION_FORMAT = dwarf;
				DEVELOPMENT_TEAM = 74V7AJ74L3;
				ENABLE_STRICT_OBJC_MSGSEND = YES;
				ENABLE_TESTABILITY = YES;
				ENABLE_USER_SCRIPT_SANDBOXING = YES;
				GCC_C_LANGUAGE_STANDARD = gnu17;
				GCC_DYNAMIC_NO_PIC = NO;
				GCC_NO_COMMON_BLOCKS = YES;
				GCC_OPTIMIZATION_LEVEL = 0;
				GCC_PREPROCESSOR_DEFINITIONS = (
					"DEBUG=1",
					"$(inherited)",
				);
				GCC_WARN_64_TO_32_BIT_CONVERSION = YES;
				GCC_WARN_ABOUT_RETURN_TYPE = YES_ERROR;
				GCC_WARN_UNDECLARED_SELECTOR = YES;
				GCC_WARN_UNINITIALIZED_AUTOS = YES_AGGRESSIVE;
				GCC_WARN_UNUSED_FUNCTION = YES;
				GCC_WARN_UNUSED_VARIABLE = YES;
				IPHONEOS_DEPLOYMENT_TARGET = 18.4;
				LOCALIZATION_PREFERS_STRING_CATALOGS = YES;
				MTL_ENABLE_DEBUG_INFO = INCLUDE_SOURCE;
				MTL_FAST_MATH = YES;
				ONLY_ACTIVE_ARCH = YES;
				SDKROOT = iphoneos;
				SWIFT_ACTIVE_COMPILATION_CONDITIONS = "DEBUG $(inherited)";
				SWIFT_OPTIMIZATION_LEVEL = "-Onone";
			};
			name = Debug;
		};
		32326CB92DB50EB200964EF9 /* Release */ = {
			isa = XCBuildConfiguration;
			buildSettings = {
				ALWAYS_SEARCH_USER_PATHS = NO;
				ASSETCATALOG_COMPILER_GENERATE_SWIFT_ASSET_SYMBOL_EXTENSIONS = YES;
				CLANG_ANALYZER_NONNULL = YES;
				CLANG_ANALYZER_NUMBER_OBJECT_CONVERSION = YES_AGGRESSIVE;
				CLANG_CXX_LANGUAGE_STANDARD = "gnu++20";
				CLANG_ENABLE_MODULES = YES;
				CLANG_ENABLE_OBJC_ARC = YES;
				CLANG_ENABLE_OBJC_WEAK = YES;
				CLANG_WARN_BLOCK_CAPTURE_AUTORELEASING = YES;
				CLANG_WARN_BOOL_CONVERSION = YES;
				CLANG_WARN_COMMA = YES;
				CLANG_WARN_CONSTANT_CONVERSION = YES;
				CLANG_WARN_DEPRECATED_OBJC_IMPLEMENTATIONS = YES;
				CLANG_WARN_DIRECT_OBJC_ISA_USAGE = YES_ERROR;
				CLANG_WARN_DOCUMENTATION_COMMENTS = YES;
				CLANG_WARN_EMPTY_BODY = YES;
				CLANG_WARN_ENUM_CONVERSION = YES;
				CLANG_WARN_INFINITE_RECURSION = YES;
				CLANG_WARN_INT_CONVERSION = YES;
				CLANG_WARN_NON_LITERAL_NULL_CONVERSION = YES;
				CLANG_WARN_OBJC_IMPLICIT_RETAIN_SELF = YES;
				CLANG_WARN_OBJC_LITERAL_CONVERSION = YES;
				CLANG_WARN_OBJC_ROOT_CLASS = YES_ERROR;
				CLANG_WARN_QUOTED_INCLUDE_IN_FRAMEWORK_HEADER = YES;
				CLANG_WARN_RANGE_LOOP_ANALYSIS = YES;
				CLANG_WARN_STRICT_PROTOTYPES = YES;
				CLANG_WARN_SUSPICIOUS_MOVE = YES;
				CLANG_WARN_UNGUARDED_AVAILABILITY = YES_AGGRESSIVE;
				CLANG_WARN_UNREACHABLE_CODE = YES;
				CLANG_WARN__DUPLICATE_METHOD_MATCH = YES;
				COPY_PHASE_STRIP = NO;
				DEBUG_INFORMATION_FORMAT = "dwarf-with-dsym";
				DEVELOPMENT_TEAM = 74V7AJ74L3;
				ENABLE_NS_ASSERTIONS = NO;
				ENABLE_STRICT_OBJC_MSGSEND = YES;
				ENABLE_USER_SCRIPT_SANDBOXING = YES;
				GCC_C_LANGUAGE_STANDARD = gnu17;
				GCC_NO_COMMON_BLOCKS = YES;
				GCC_WARN_64_TO_32_BIT_CONVERSION = YES;
				GCC_WARN_ABOUT_RETURN_TYPE = YES_ERROR;
				GCC_WARN_UNDECLARED_SELECTOR = YES;
				GCC_WARN_UNINITIALIZED_AUTOS = YES_AGGRESSIVE;
				GCC_WARN_UNUSED_FUNCTION = YES;
				GCC_WARN_UNUSED_VARIABLE = YES;
				IPHONEOS_DEPLOYMENT_TARGET = 18.4;
				LOCALIZATION_PREFERS_STRING_CATALOGS = YES;
				MTL_ENABLE_DEBUG_INFO = NO;
				MTL_FAST_MATH = YES;
				SDKROOT = iphoneos;
				SWIFT_COMPILATION_MODE = wholemodule;
				VALIDATE_PRODUCT = YES;
			};
			name = Release;
		};
		32326CBB2DB50EB200964EF9 /* Debug */ = {
			isa = XCBuildConfiguration;
			buildSettings = {
				BUNDLE_LOADER = "$(TEST_HOST)";
				CODE_SIGN_STYLE = Automatic;
				CURRENT_PROJECT_VERSION = 1;
				DEVELOPMENT_TEAM = 74V7AJ74L3;
				GENERATE_INFOPLIST_FILE = YES;
				IPHONEOS_DEPLOYMENT_TARGET = 18.4;
				MARKETING_VERSION = 1.0;
				PRODUCT_BUNDLE_IDENTIFIER = "com.mobdim.qrcode-uikitTests";
				PRODUCT_NAME = "$(TARGET_NAME)";
				SWIFT_EMIT_LOC_STRINGS = NO;
				SWIFT_VERSION = 5.0;
				TARGETED_DEVICE_FAMILY = "1,2";
				TEST_HOST = "$(BUILT_PRODUCTS_DIR)/qrcode-uikit.app/$(BUNDLE_EXECUTABLE_FOLDER_PATH)/qrcode-uikit";
			};
			name = Debug;
		};
		32326CBC2DB50EB200964EF9 /* Release */ = {
			isa = XCBuildConfiguration;
			buildSettings = {
				BUNDLE_LOADER = "$(TEST_HOST)";
				CODE_SIGN_STYLE = Automatic;
				CURRENT_PROJECT_VERSION = 1;
				DEVELOPMENT_TEAM = 74V7AJ74L3;
				GENERATE_INFOPLIST_FILE = YES;
				IPHONEOS_DEPLOYMENT_TARGET = 18.4;
				MARKETING_VERSION = 1.0;
				PRODUCT_BUNDLE_IDENTIFIER = "com.mobdim.qrcode-uikitTests";
				PRODUCT_NAME = "$(TARGET_NAME)";
				SWIFT_EMIT_LOC_STRINGS = NO;
				SWIFT_VERSION = 5.0;
				TARGETED_DEVICE_FAMILY = "1,2";
				TEST_HOST = "$(BUILT_PRODUCTS_DIR)/qrcode-uikit.app/$(BUNDLE_EXECUTABLE_FOLDER_PATH)/qrcode-uikit";
			};
			name = Release;
		};
		32326CBE2DB50EB200964EF9 /* Debug */ = {
			isa = XCBuildConfiguration;
			buildSettings = {
				CODE_SIGN_STYLE = Automatic;
				CURRENT_PROJECT_VERSION = 1;
				DEVELOPMENT_TEAM = 74V7AJ74L3;
				GENERATE_INFOPLIST_FILE = YES;
				MARKETING_VERSION = 1.0;
				PRODUCT_BUNDLE_IDENTIFIER = "com.mobdim.qrcode-uikitUITests";
				PRODUCT_NAME = "$(TARGET_NAME)";
				SWIFT_EMIT_LOC_STRINGS = NO;
				SWIFT_VERSION = 5.0;
				TARGETED_DEVICE_FAMILY = "1,2";
				TEST_TARGET_NAME = "qrcode-uikit";
			};
			name = Debug;
		};
		32326CBF2DB50EB200964EF9 /* Release */ = {
			isa = XCBuildConfiguration;
			buildSettings = {
				CODE_SIGN_STYLE = Automatic;
				CURRENT_PROJECT_VERSION = 1;
				DEVELOPMENT_TEAM = 74V7AJ74L3;
				GENERATE_INFOPLIST_FILE = YES;
				MARKETING_VERSION = 1.0;
				PRODUCT_BUNDLE_IDENTIFIER = "com.mobdim.qrcode-uikitUITests";
				PRODUCT_NAME = "$(TARGET_NAME)";
				SWIFT_EMIT_LOC_STRINGS = NO;
				SWIFT_VERSION = 5.0;
				TARGETED_DEVICE_FAMILY = "1,2";
				TEST_TARGET_NAME = "qrcode-uikit";
			};
			name = Release;
		};
/* End XCBuildConfiguration section */

/* Begin XCConfigurationList section */
		32326C842DB50EB000964EF9 /* Build configuration list for PBXProject "qrcode-uikit" */ = {
			isa = XCConfigurationList;
			buildConfigurations = (
				32326CB82DB50EB200964EF9 /* Debug */,
				32326CB92DB50EB200964EF9 /* Release */,
			);
			defaultConfigurationIsVisible = 0;
			defaultConfigurationName = Release;
		};
		32326CB52DB50EB200964EF9 /* Build configuration list for PBXNativeTarget "qrcode-uikit" */ = {
			isa = XCConfigurationList;
			buildConfigurations = (
				32326CB62DB50EB200964EF9 /* Debug */,
				32326CB72DB50EB200964EF9 /* Release */,
			);
			defaultConfigurationIsVisible = 0;
			defaultConfigurationName = Release;
		};
		32326CBA2DB50EB200964EF9 /* Build configuration list for PBXNativeTarget "qrcode-uikitTests" */ = {
			isa = XCConfigurationList;
			buildConfigurations = (
				32326CBB2DB50EB200964EF9 /* Debug */,
				32326CBC2DB50EB200964EF9 /* Release */,
			);
			defaultConfigurationIsVisible = 0;
			defaultConfigurationName = Release;
		};
		32326CBD2DB50EB200964EF9 /* Build configuration list for PBXNativeTarget "qrcode-uikitUITests" */ = {
			isa = XCConfigurationList;
			buildConfigurations = (
				32326CBE2DB50EB200964EF9 /* Debug */,
				32326CBF2DB50EB200964EF9 /* Release */,
			);
			defaultConfigurationIsVisible = 0;
			defaultConfigurationName = Release;
		};
/* End XCConfigurationList section */
	};
	rootObject = 32326C812DB50EB000964EF9 /* Project object */;
}
